
Microsoft Visual Studio Solution File, Format Version 12.00
Project("{2150E333-8FDC-42A3-9474-1A3956D46DE8}") = "src", "src", "{BBC13575-A3B4-467B-A7FF-95CD204E8E0D}"
EndProject
Project("{2150E333-8FDC-42A3-9474-1A3956D46DE8}") = "tests", "tests", "{A7AF9DA4-98AC-4259-A857-12B4FB6BC17A}"
EndProject
Project("{2150E333-8FDC-42A3-9474-1A3956D46DE8}") = "Salaries", "Salaries", "{11B6B8B7-A3B5-4D5C-B53D-DDD98158A847}"
EndProject
Project("{FAE04EC0-301F-11D3-BF4B-00C04F79EFBC}") = "Salaries.Api", "src\Salaries\Salaries.Api\Salaries.Api.csproj", "{303E2DE1-71DE-4DCE-9A84-32DDCEBD40E4}"
EndProject
Project("{FAE04EC0-301F-11D3-BF4B-00C04F79EFBC}") = "Salaries.Core", "src\Salaries\Salaries.Core\Salaries.Core.csproj", "{2E7C09BF-F137-499C-AEC6-6DDDC798BD3B}"
EndProject
Project("{FAE04EC0-301F-11D3-BF4B-00C04F79EFBC}") = "Salaries.Infrastructure", "src\Salaries\Salaries.Infrastructure\Salaries.Infrastructure.csproj", "{CDE1A29C-AC3E-4BA3-922A-5F1EA003A2E0}"
EndProject
Project("{FAE04EC0-301F-11D3-BF4B-00C04F79EFBC}") = "Salaries.Application", "src\Salaries\Salaries.Application\Salaries.Application.csproj", "{F147B68D-71C3-4506-A6EF-9FC4EE084A46}"
EndProject
Project("{2150E333-8FDC-42A3-9474-1A3956D46DE8}") = "OvertimePolicies", "OvertimePolicies", "{88D466C8-19E8-4FAE-B564-44E540017A79}"
EndProject
Project("{FAE04EC0-301F-11D3-BF4B-00C04F79EFBC}") = "OvertimePolicies", "src\OvertimePolicies\OvertimePolicies.csproj", "{235F8D6A-1026-48BD-8DD1-A46DFAE3380E}"
EndProject
Project("{2150E333-8FDC-42A3-9474-1A3956D46DE8}") = "Shared", "Shared", "{3D379550-716A-4767-A1E5-589ED26EB619}"
EndProject
Project("{FAE04EC0-301F-11D3-BF4B-00C04F79EFBC}") = "Shared.Infrastructure", "src\Shared\Shared.Infrastructure\Shared.Infrastructure.csproj", "{F65553A1-966D-4A18-957A-9533D669F67C}"
EndProject
Project("{FAE04EC0-301F-11D3-BF4B-00C04F79EFBC}") = "Salaries.Tests.Unit", "tests\Salaries.Tests.Unit\Salaries.Tests.Unit.csproj", "{078A2FC2-5973-40B0-823F-EC84C4A3FE60}"
EndProject
Global
	GlobalSection(SolutionConfigurationPlatforms) = preSolution
		Debug|Any CPU = Debug|Any CPU
		Release|Any CPU = Release|Any CPU
	EndGlobalSection
	GlobalSection(ProjectConfigurationPlatforms) = postSolution
		{303E2DE1-71DE-4DCE-9A84-32DDCEBD40E4}.Debug|Any CPU.ActiveCfg = Debug|Any CPU
		{303E2DE1-71DE-4DCE-9A84-32DDCEBD40E4}.Debug|Any CPU.Build.0 = Debug|Any CPU
		{303E2DE1-71DE-4DCE-9A84-32DDCEBD40E4}.Release|Any CPU.ActiveCfg = Release|Any CPU
		{303E2DE1-71DE-4DCE-9A84-32DDCEBD40E4}.Release|Any CPU.Build.0 = Release|Any CPU
		{2E7C09BF-F137-499C-AEC6-6DDDC798BD3B}.Debug|Any CPU.ActiveCfg = Debug|Any CPU
		{2E7C09BF-F137-499C-AEC6-6DDDC798BD3B}.Debug|Any CPU.Build.0 = Debug|Any CPU
		{2E7C09BF-F137-499C-AEC6-6DDDC798BD3B}.Release|Any CPU.ActiveCfg = Release|Any CPU
		{2E7C09BF-F137-499C-AEC6-6DDDC798BD3B}.Release|Any CPU.Build.0 = Release|Any CPU
		{CDE1A29C-AC3E-4BA3-922A-5F1EA003A2E0}.Debug|Any CPU.ActiveCfg = Debug|Any CPU
		{CDE1A29C-AC3E-4BA3-922A-5F1EA003A2E0}.Debug|Any CPU.Build.0 = Debug|Any CPU
		{CDE1A29C-AC3E-4BA3-922A-5F1EA003A2E0}.Release|Any CPU.ActiveCfg = Release|Any CPU
		{CDE1A29C-AC3E-4BA3-922A-5F1EA003A2E0}.Release|Any CPU.Build.0 = Release|Any CPU
		{F147B68D-71C3-4506-A6EF-9FC4EE084A46}.Debug|Any CPU.ActiveCfg = Debug|Any CPU
		{F147B68D-71C3-4506-A6EF-9FC4EE084A46}.Debug|Any CPU.Build.0 = Debug|Any CPU
		{F147B68D-71C3-4506-A6EF-9FC4EE084A46}.Release|Any CPU.ActiveCfg = Release|Any CPU
		{F147B68D-71C3-4506-A6EF-9FC4EE084A46}.Release|Any CPU.Build.0 = Release|Any CPU
		{235F8D6A-1026-48BD-8DD1-A46DFAE3380E}.Debug|Any CPU.ActiveCfg = Debug|Any CPU
		{235F8D6A-1026-48BD-8DD1-A46DFAE3380E}.Debug|Any CPU.Build.0 = Debug|Any CPU
		{235F8D6A-1026-48BD-8DD1-A46DFAE3380E}.Release|Any CPU.ActiveCfg = Release|Any CPU
		{235F8D6A-1026-48BD-8DD1-A46DFAE3380E}.Release|Any CPU.Build.0 = Release|Any CPU
		{F65553A1-966D-4A18-957A-9533D669F67C}.Debug|Any CPU.ActiveCfg = Debug|Any CPU
		{F65553A1-966D-4A18-957A-9533D669F67C}.Debug|Any CPU.Build.0 = Debug|Any CPU
		{F65553A1-966D-4A18-957A-9533D669F67C}.Release|Any CPU.ActiveCfg = Release|Any CPU
		{F65553A1-966D-4A18-957A-9533D669F67C}.Release|Any CPU.Build.0 = Release|Any CPU
		{078A2FC2-5973-40B0-823F-EC84C4A3FE60}.Debug|Any CPU.ActiveCfg = Debug|Any CPU
		{078A2FC2-5973-40B0-823F-EC84C4A3FE60}.Debug|Any CPU.Build.0 = Debug|Any CPU
		{078A2FC2-5973-40B0-823F-EC84C4A3FE60}.Release|Any CPU.ActiveCfg = Release|Any CPU
		{078A2FC2-5973-40B0-823F-EC84C4A3FE60}.Release|Any CPU.Build.0 = Release|Any CPU
	EndGlobalSection
	GlobalSection(NestedProjects) = preSolution
		{11B6B8B7-A3B5-4D5C-B53D-DDD98158A847} = {BBC13575-A3B4-467B-A7FF-95CD204E8E0D}
		{303E2DE1-71DE-4DCE-9A84-32DDCEBD40E4} = {11B6B8B7-A3B5-4D5C-B53D-DDD98158A847}
		{2E7C09BF-F137-499C-AEC6-6DDDC798BD3B} = {11B6B8B7-A3B5-4D5C-B53D-DDD98158A847}
		{CDE1A29C-AC3E-4BA3-922A-5F1EA003A2E0} = {11B6B8B7-A3B5-4D5C-B53D-DDD98158A847}
		{F147B68D-71C3-4506-A6EF-9FC4EE084A46} = {11B6B8B7-A3B5-4D5C-B53D-DDD98158A847}
		{88D466C8-19E8-4FAE-B564-44E540017A79} = {BBC13575-A3B4-467B-A7FF-95CD204E8E0D}
		{235F8D6A-1026-48BD-8DD1-A46DFAE3380E} = {88D466C8-19E8-4FAE-B564-44E540017A79}
		{3D379550-716A-4767-A1E5-589ED26EB619} = {BBC13575-A3B4-467B-A7FF-95CD204E8E0D}
		{F65553A1-966D-4A18-957A-9533D669F67C} = {3D379550-716A-4767-A1E5-589ED26EB619}
		{078A2FC2-5973-40B0-823F-EC84C4A3FE60} = {A7AF9DA4-98AC-4259-A857-12B4FB6BC17A}
	EndGlobalSection
EndGlobal
